{
  "name": "a9mp",
  "version": "1.0.0",
  "lockfileVersion": 2,
  "requires": true,
  "packages": {
    "": {
      "name": "a9mp",
      "version": "1.0.0",
      "license": "ISC",
      "dependencies": {
        "moment": "^2.29.4",
        "vuex-persistedstate": "^4.0.0-beta.1"
      },
      "devDependencies": {}
    },
    "node_modules/deepmerge": {
      "version": "4.2.2",
      "resolved": "https://registry.npmjs.org/deepmerge/-/deepmerge-4.2.2.tgz",
      "integrity": "sha512-FJ3UgI4gIl+PHZm53knsuSFpE+nESMr7M4v9QcgB7S63Kj/6WqMiFQJpBBYz1Pt+66bZpP3Q7Lye0Oo9MPKEdg==",
      "engines": {
        "node": ">=0.10.0"
      }
    },
    "node_modules/moment": {
      "version": "2.29.4",
      "resolved": "https://registry.npmjs.org/moment/-/moment-2.29.4.tgz",
      "integrity": "sha512-5LC9SOxjSc2HF6vO2CyuTDNivEdoz2IvyJJGj6X8DJ0eFyfszE0QiEd+iXmBvUP3WHxSjFH/vIsA0EN00cgr8w==",
      "engines": {
        "node": "*"
      }
    },
    "node_modules/shvl": {
      "version": "2.0.1",
      "resolved": "https://registry.npmjs.org/shvl/-/shvl-2.0.1.tgz",
      "integrity": "sha512-VU7R5Uxp38LKHooGuZe0TcX2EPK95nn8DvclAvTPyD9/qHmXvt3dR2pJ4JLZ8uLjxQNQ3zNLFJCreteIj3cvpw==",
      "deprecated": "older versions vulnerable to prototype pollution"
    },
    "node_modules/vuex-persistedstate": {
      "version": "4.0.0-beta.1",
      "resolved": "https://registry.npmjs.org/vuex-persistedstate/-/vuex-persistedstate-4.0.0-beta.1.tgz",
      "integrity": "sha512-G3d7i6vnSelrYWfCfSKi52e4ZlHlm99yAaMAHYQrCPAPKwYofTxo1QqLtndzvoZpFd/gx2IsAKSeaFjjpuVLYA==",
      "deprecated": "Package no longer supported. Contact Support at https://www.npmjs.com/support for more info.",
      "dependencies": {
        "deepmerge": "^4.2.2",
        "shvl": "^2.0.0"
      },
      "peerDependencies": {
        "vue": "^2.0 || ^3.0",
        "vuex": "^3.0 || ^4.0"
      }
    }
  },
  "dependencies": {
    "deepmerge": {
      "version": "4.2.2",
      "resolved": "https://registry.npmjs.org/deepmerge/-/deepmerge-4.2.2.tgz",
      "integrity": "sha512-FJ3UgI4gIl+PHZm53knsuSFpE+nESMr7M4v9QcgB7S63Kj/6WqMiFQJpBBYz1Pt+66bZpP3Q7Lye0Oo9MPKEdg=="
    },
    "moment": {
      "version": "2.29.4",
      "resolved": "https://registry.npmjs.org/moment/-/moment-2.29.4.tgz",
      "integrity": "sha512-5LC9SOxjSc2HF6vO2CyuTDNivEdoz2IvyJJGj6X8DJ0eFyfszE0QiEd+iXmBvUP3WHxSjFH/vIsA0EN00cgr8w=="
    },
    "shvl": {
      "version": "2.0.1",
      "resolved": "https://registry.npmjs.org/shvl/-/shvl-2.0.1.tgz",
      "integrity": "sha512-VU7R5Uxp38LKHooGuZe0TcX2EPK95nn8DvclAvTPyD9/qHmXvt3dR2pJ4JLZ8uLjxQNQ3zNLFJCreteIj3cvpw=="
    },
    "vuex-persistedstate": {
      "version": "4.0.0-beta.1",
      "resolved": "https://registry.npmjs.org/vuex-persistedstate/-/vuex-persistedstate-4.0.0-beta.1.tgz",
      "integrity": "sha512-G3d7i6vnSelrYWfCfSKi52e4ZlHlm99yAaMAHYQrCPAPKwYofTxo1QqLtndzvoZpFd/gx2IsAKSeaFjjpuVLYA==",
      "requires": {
        "deepmerge": "^4.2.2",
        "shvl": "^2.0.0"
      }
    }
  }
}
