{
  "name": "a9mp",
  "version": "1.0.0",
  "lockfileVersion": 1,
  "requires": true,
  "dependencies": {
    "@dcloudio/uni-ui": {
      "version": "1.2.3",
      "resolved": "https://registry.npmjs.org/@dcloudio/uni-ui/-/uni-ui-1.2.3.tgz",
      "integrity": "sha512-1oBBy301fAjjMthk9DefCS5MJC+Q//Rtt+SJlHwoHiqYc+UaFOjMzzZPF6FKG/PPGouSoBESfDu9uHnr3xRbZA=="
    },
    "@vant/weapp": {
      "version": "1.4.0",
      "resolved": "https://registry.npmjs.org/@vant/weapp/-/weapp-1.4.0.tgz",
      "integrity": "sha512-rvdwFVsKU/r8IhU6vFHe1/GApYP8CWgNOphJtig2hRdAOuhhcaHKuFjm1kkgcn+q3OZ4KUQ8/Ua0YICw7/sUtQ=="
    },
    "deepmerge": {
      "version": "4.2.2",
      "resolved": "https://registry.npmjs.org/deepmerge/-/deepmerge-4.2.2.tgz",
      "integrity": "sha512-FJ3UgI4gIl+PHZm53knsuSFpE+nESMr7M4v9QcgB7S63Kj/6WqMiFQJpBBYz1Pt+66bZpP3Q7Lye0Oo9MPKEdg=="
    },
    "lodash": {
      "version": "4.17.21",
      "resolved": "https://registry.npmjs.org/lodash/-/lodash-4.17.21.tgz",
      "integrity": "sha512-v2kDEe57lecTulaDIuNTPy3Ry4gLGJ6Z1O3vE1krgXZNrsQ+LFTGHVxVjcXPs17LhbZVGedAJv8XZ1tvj5FvSg=="
    },
    "moment": {
      "version": "2.27.0",
      "resolved": "https://registry.npmjs.org/moment/-/moment-2.27.0.tgz",
      "integrity": "sha512-al0MUK7cpIcglMv3YF13qSgdAIqxHTO7brRtaz3DlSULbqfazqkc5kEjNrLDOM7fsjshoFIihnU8snrP7zUvhQ=="
    },
    "shvl": {
      "version": "2.0.1",
      "resolved": "https://registry.npmjs.org/shvl/-/shvl-2.0.1.tgz",
      "integrity": "sha512-VU7R5Uxp38LKHooGuZe0TcX2EPK95nn8DvclAvTPyD9/qHmXvt3dR2pJ4JLZ8uLjxQNQ3zNLFJCreteIj3cvpw=="
    },
    "vuex": {
      "version": "3.5.1",
      "resolved": "https://registry.npmjs.org/vuex/-/vuex-3.5.1.tgz",
      "integrity": "sha512-w7oJzmHQs0FM9LXodfskhw9wgKBiaB+totOdb8sNzbTB2KDCEEwEs29NzBZFh/lmEK1t5tDmM1vtsO7ubG1DFw=="
    },
    "vuex-persistedstate": {
      "version": "4.0.0-beta.1",
      "resolved": "https://registry.npmjs.org/vuex-persistedstate/-/vuex-persistedstate-4.0.0-beta.1.tgz",
      "integrity": "sha512-G3d7i6vnSelrYWfCfSKi52e4ZlHlm99yAaMAHYQrCPAPKwYofTxo1QqLtndzvoZpFd/gx2IsAKSeaFjjpuVLYA==",
      "requires": {
        "deepmerge": "^4.2.2",
        "shvl": "^2.0.0"
      }
    }
  }
}
