{
  "name": "a9mp",
  "version": "1.0.0",
  "lockfileVersion": 1,
  "requires": true,
  "dependencies": {
    "@dcloudio/uni-ui": {
      "version": "1.2.3",
      "resolved": "https://registry.npmjs.org/@dcloudio/uni-ui/-/uni-ui-1.2.3.tgz",
      "integrity": "sha512-1oBBy301fAjjMthk9DefCS5MJC+Q//Rtt+SJlHwoHiqYc+UaFOjMzzZPF6FKG/PPGouSoBESfDu9uHnr3xRbZA=="
    },
    "@vant/weapp": {
      "version": "1.4.0",
      "resolved": "https://registry.npmjs.org/@vant/weapp/-/weapp-1.4.0.tgz",
      "integrity": "sha512-rvdwFVsKU/r8IhU6vFHe1/GApYP8CWgNOphJtig2hRdAOuhhcaHKuFjm1kkgcn+q3OZ4KUQ8/Ua0YICw7/sUtQ=="
    },
    "lodash": {
      "version": "4.17.19",
      "resolved": "https://registry.npmjs.org/lodash/-/lodash-4.17.19.tgz",
      "integrity": "sha512-JNvd8XER9GQX0v2qJgsaN/mzFCNA5BRe/j8JN9d+tWyGLSodKQHKFicdwNYzWwI3wjRnaKPsGj1XkBjx/F96DQ=="
    },
    "moment": {
      "version": "2.27.0",
      "resolved": "https://registry.npmjs.org/moment/-/moment-2.27.0.tgz",
      "integrity": "sha512-al0MUK7cpIcglMv3YF13qSgdAIqxHTO7brRtaz3DlSULbqfazqkc5kEjNrLDOM7fsjshoFIihnU8snrP7zUvhQ=="
    }
  }
}
